
Microsoft Visual Studio Solution File, Format Version 12.00
# Visual Studio Version 17
VisualStudioVersion = 17.3.32804.467
MinimumVisualStudioVersion = 10.0.40219.1
Project("{2150E333-8FDC-42A3-9474-1A3956D46DE8}") = "src", "src", "{8090D53F-449C-4B9E-A82C-DA6BCC14A321}"
EndProject
Project("{2150E333-8FDC-42A3-9474-1A3956D46DE8}") = "test", "test", "{B1A1C62B-6F40-4412-936D-1753D28D4408}"
EndProject
Project("{9A19103F-16F7-4668-BE54-9A1E7A4F7556}") = "App", "src\App\App.csproj", "{481F7333-4FD6-4891-8248-1B5D70B49F54}"
EndProject
Project("{9A19103F-16F7-4668-BE54-9A1E7A4F7556}") = "App.Tests", "test\App.Tests\App.Tests.csproj", "{1EA132D4-AFC2-47E6-9B1D-D7910E221F14}"
EndProject
Global
	GlobalSection(SolutionConfigurationPlatforms) = preSolution
		Debug|Any CPU = Debug|Any CPU
		Release|Any CPU = Release|Any CPU
	EndGlobalSection
	GlobalSection(ProjectConfigurationPlatforms) = postSolution
		{481F7333-4FD6-4891-8248-1B5D70B49F54}.Debug|Any CPU.ActiveCfg = Debug|Any CPU
		{481F7333-4FD6-4891-8248-1B5D70B49F54}.Debug|Any CPU.Build.0 = Debug|Any CPU
		{481F7333-4FD6-4891-8248-1B5D70B49F54}.Release|Any CPU.ActiveCfg = Release|Any CPU
		{481F7333-4FD6-4891-8248-1B5D70B49F54}.Release|Any CPU.Build.0 = Release|Any CPU
		{1EA132D4-AFC2-47E6-9B1D-D7910E221F14}.Debug|Any CPU.ActiveCfg = Debug|Any CPU
		{1EA132D4-AFC2-47E6-9B1D-D7910E221F14}.Debug|Any CPU.Build.0 = Debug|Any CPU
		{1EA132D4-AFC2-47E6-9B1D-D7910E221F14}.Release|Any CPU.ActiveCfg = Release|Any CPU
		{1EA132D4-AFC2-47E6-9B1D-D7910E221F14}.Release|Any CPU.Build.0 = Release|Any CPU
	EndGlobalSection
	GlobalSection(SolutionProperties) = preSolution
		HideSolutionNode = FALSE
	EndGlobalSection
	GlobalSection(NestedProjects) = preSolution
		{481F7333-4FD6-4891-8248-1B5D70B49F54} = {8090D53F-449C-4B9E-A82C-DA6BCC14A321}
		{1EA132D4-AFC2-47E6-9B1D-D7910E221F14} = {B1A1C62B-6F40-4412-936D-1753D28D4408}
	EndGlobalSection
	GlobalSection(ExtensibilityGlobals) = postSolution
		SolutionGuid = {12D0DDD4-B34F-4C91-9DE8-9B9AF51A7516}
	EndGlobalSection
EndGlobal
